
Microsoft Visual Studio Solution File, Format Version 12.00
# Visual Studio Version 17
VisualStudioVersion = 17.8.34511.84
MinimumVisualStudioVersion = 10.0.40219.1
Project("{FAE04EC0-301F-11D3-BF4B-00C04F79EFBC}") = "ASPCoreWebApiCURD", "ASPCoreWebApiCURD.csproj", "{91E40B05-BFC2-473E-93A1-24ECAB2EFE65}"
EndProject
Global
	GlobalSection(SolutionConfigurationPlatforms) = preSolution
		Debug|Any CPU = Debug|Any CPU
		Release|Any CPU = Release|Any CPU
	EndGlobalSection
	GlobalSection(ProjectConfigurationPlatforms) = postSolution
		{91E40B05-BFC2-473E-93A1-24ECAB2EFE65}.Debug|Any CPU.ActiveCfg = Debug|Any CPU
		{91E40B05-BFC2-473E-93A1-24ECAB2EFE65}.Debug|Any CPU.Build.0 = Debug|Any CPU
		{91E40B05-BFC2-473E-93A1-24ECAB2EFE65}.Release|Any CPU.ActiveCfg = Release|Any CPU
		{91E40B05-BFC2-473E-93A1-24ECAB2EFE65}.Release|Any CPU.Build.0 = Release|Any CPU
	EndGlobalSection
	GlobalSection(SolutionProperties) = preSolution
		HideSolutionNode = FALSE
	EndGlobalSection
	GlobalSection(ExtensibilityGlobals) = postSolution
		SolutionGuid = {0F35F8BA-75D0-4082-B27B-9FD719084049}
	EndGlobalSection
EndGlobal
